// !$*UTF8*$!
{
	archiveVersion = 1;
	classes = {
	};
	objectVersion = 46;
	objects = {

/* Begin PBXBuildFile section */
		3A15E6971D9025C30086DC6C /* AppDelegate.swift in Sources */ = {isa = PBXBuildFile; fileRef = 3A15E6961D9025C30086DC6C /* AppDelegate.swift */; };
		3A15E6991D9025C30086DC6C /* ViewController.swift in Sources */ = {isa = PBXBuildFile; fileRef = 3A15E6981D9025C30086DC6C /* ViewController.swift */; };
		3A15E69C1D9025C30086DC6C /* Main.storyboard in Resources */ = {isa = PBXBuildFile; fileRef = 3A15E69A1D9025C30086DC6C /* Main.storyboard */; };
		3A15E69E1D9025C30086DC6C /* Assets.xcassets in Resources */ = {isa = PBXBuildFile; fileRef = 3A15E69D1D9025C30086DC6C /* Assets.xcassets */; };
		3A15E6A11D9025C30086DC6C /* LaunchScreen.storyboard in Resources */ = {isa = PBXBuildFile; fileRef = 3A15E69F1D9025C30086DC6C /* LaunchScreen.storyboard */; };
		3A15E6AC1D9025C30086DC6C /* SpommunicateTests.swift in Sources */ = {isa = PBXBuildFile; fileRef = 3A15E6AB1D9025C30086DC6C /* SpommunicateTests.swift */; };
		3A15E6B71D9025C30086DC6C /* SpommunicateUITests.swift in Sources */ = {isa = PBXBuildFile; fileRef = 3A15E6B61D9025C30086DC6C /* SpommunicateUITests.swift */; };
/* End PBXBuildFile section */

/* Begin PBXContainerItemProxy section */
		3A15E6A81D9025C30086DC6C /* PBXContainerItemProxy */ = {
			isa = PBXContainerItemProxy;
			containerPortal = 3A15E68B1D9025C30086DC6C /* Project object */;
			proxyType = 1;
			remoteGlobalIDString = 3A15E6921D9025C30086DC6C;
			remoteInfo = Spommunicate;
		};
		3A15E6B31D9025C30086DC6C /* PBXContainerItemProxy */ = {
			isa = PBXContainerItemProxy;
			containerPortal = 3A15E68B1D9025C30086DC6C /* Project object */;
			proxyType = 1;
			remoteGlobalIDString = 3A15E6921D9025C30086DC6C;
			remoteInfo = Spommunicate;
		};
/* End PBXContainerItemProxy section */

/* Begin PBXFileReference section */
		3A15E6931D9025C30086DC6C /* Spommunicate.app */ = {isa = PBXFileReference; explicitFileType = wrapper.application; includeInIndex = 0; path = Spommunicate.app; sourceTree = BUILT_PRODUCTS_DIR; };
		3A15E6961D9025C30086DC6C /* AppDelegate.swift */ = {isa = PBXFileReference; lastKnownFileType = sourcecode.swift; path = AppDelegate.swift; sourceTree = "<group>"; };
		3A15E6981D9025C30086DC6C /* ViewController.swift */ = {isa = PBXFileReference; lastKnownFileType = sourcecode.swift; path = ViewController.swift; sourceTree = "<group>"; };
		3A15E69B1D9025C30086DC6C /* Base */ = {isa = PBXFileReference; lastKnownFileType = file.storyboard; name = Base; path = Base.lproj/Main.storyboard; sourceTree = "<group>"; };
		3A15E69D1D9025C30086DC6C /* Assets.xcassets */ = {isa = PBXFileReference; lastKnownFileType = folder.assetcatalog; path = Assets.xcassets; sourceTree = "<group>"; };
		3A15E6A01D9025C30086DC6C /* Base */ = {isa = PBXFileReference; lastKnownFileType = file.storyboard; name = Base; path = Base.lproj/LaunchScreen.storyboard; sourceTree = "<group>"; };
		3A15E6A21D9025C30086DC6C /* Info.plist */ = {isa = PBXFileReference; lastKnownFileType = text.plist.xml; path = Info.plist; sourceTree = "<group>"; };
		3A15E6A71D9025C30086DC6C /* SpommunicateTests.xctest */ = {isa = PBXFileReference; explicitFileType = wrapper.cfbundle; includeInIndex = 0; path = SpommunicateTests.xctest; sourceTree = BUILT_PRODUCTS_DIR; };
		3A15E6AB1D9025C30086DC6C /* SpommunicateTests.swift */ = {isa = PBXFileReference; lastKnownFileType = sourcecode.swift; path = SpommunicateTests.swift; sourceTree = "<group>"; };
		3A15E6AD1D9025C30086DC6C /* Info.plist */ = {isa = PBXFileReference; lastKnownFileType = text.plist.xml; path = Info.plist; sourceTree = "<group>"; };
		3A15E6B21D9025C30086DC6C /* SpommunicateUITests.xctest */ = {isa = PBXFileReference; explicitFileType = wrapper.cfbundle; includeInIndex = 0; path = SpommunicateUITests.xctest; sourceTree = BUILT_PRODUCTS_DIR; };
		3A15E6B61D9025C30086DC6C /* SpommunicateUITests.swift */ = {isa = PBXFileReference; lastKnownFileType = sourcecode.swift; path = SpommunicateUITests.swift; sourceTree = "<group>"; };
		3A15E6B81D9025C30086DC6C /* Info.plist */ = {isa = PBXFileReference; lastKnownFileType = text.plist.xml; path = Info.plist; sourceTree = "<group>"; };
/* End PBXFileReference section */

/* Begin PBXFrameworksBuildPhase section */
		3A15E6901D9025C30086DC6C /* Frameworks */ = {
			isa = PBXFrameworksBuildPhase;
			buildActionMask = 2147483647;
			files = (
			);
			runOnlyForDeploymentPostprocessing = 0;
		};
		3A15E6A41D9025C30086DC6C /* Frameworks */ = {
			isa = PBXFrameworksBuildPhase;
			buildActionMask = 2147483647;
			files = (
			);
			runOnlyForDeploymentPostprocessing = 0;
		};
		3A15E6AF1D9025C30086DC6C /* Frameworks */ = {
			isa = PBXFrameworksBuildPhase;
			buildActionMask = 2147483647;
			files = (
			);
			runOnlyForDeploymentPostprocessing = 0;
		};
/* End PBXFrameworksBuildPhase section */

/* Begin PBXGroup section */
		3A15E68A1D9025C30086DC6C = {
			isa = PBXGroup;
			children = (
				3A15E6951D9025C30086DC6C /* Spommunicate */,
				3A15E6AA1D9025C30086DC6C /* SpommunicateTests */,
				3A15E6B51D9025C30086DC6C /* SpommunicateUITests */,
				3A15E6941D9025C30086DC6C /* Products */,
			);
			sourceTree = "<group>";
		};
		3A15E6941D9025C30086DC6C /* Products */ = {
			isa = PBXGroup;
			children = (
				3A15E6931D9025C30086DC6C /* Spommunicate.app */,
				3A15E6A71D9025C30086DC6C /* SpommunicateTests.xctest */,
				3A15E6B21D9025C30086DC6C /* SpommunicateUITests.xctest */,
			);
			name = Products;
			sourceTree = "<group>";
		};
		3A15E6951D9025C30086DC6C /* Spommunicate */ = {
			isa = PBXGroup;
			children = (
				3A15E6961D9025C30086DC6C /* AppDelegate.swift */,
				3A15E6981D9025C30086DC6C /* ViewController.swift */,
				3A15E69A1D9025C30086DC6C /* Main.storyboard */,
				3A15E69D1D9025C30086DC6C /* Assets.xcassets */,
				3A15E69F1D9025C30086DC6C /* LaunchScreen.storyboard */,
				3A15E6A21D9025C30086DC6C /* Info.plist */,
			);
			path = Spommunicate;
			sourceTree = "<group>";
		};
		3A15E6AA1D9025C30086DC6C /* SpommunicateTests */ = {
			isa = PBXGroup;
			children = (
				3A15E6AB1D9025C30086DC6C /* SpommunicateTests.swift */,
				3A15E6AD1D9025C30086DC6C /* Info.plist */,
			);
			path = SpommunicateTests;
			sourceTree = "<group>";
		};
		3A15E6B51D9025C30086DC6C /* SpommunicateUITests */ = {
			isa = PBXGroup;
			children = (
				3A15E6B61D9025C30086DC6C /* SpommunicateUITests.swift */,
				3A15E6B81D9025C30086DC6C /* Info.plist */,
			);
			path = SpommunicateUITests;
			sourceTree = "<group>";
		};
/* End PBXGroup section */

/* Begin PBXNativeTarget section */
		3A15E6921D9025C30086DC6C /* Spommunicate */ = {
			isa = PBXNativeTarget;
			buildConfigurationList = 3A15E6BB1D9025C30086DC6C /* Build configuration list for PBXNativeTarget "Spommunicate" */;
			buildPhases = (
				3A15E68F1D9025C30086DC6C /* Sources */,
				3A15E6901D9025C30086DC6C /* Frameworks */,
				3A15E6911D9025C30086DC6C /* Resources */,
			);
			buildRules = (
			);
			dependencies = (
			);
			name = Spommunicate;
			productName = Spommunicate;
			productReference = 3A15E6931D9025C30086DC6C /* Spommunicate.app */;
			productType = "com.apple.product-type.application";
		};
		3A15E6A61D9025C30086DC6C /* SpommunicateTests */ = {
			isa = PBXNativeTarget;
			buildConfigurationList = 3A15E6BE1D9025C30086DC6C /* Build configuration list for PBXNativeTarget "SpommunicateTests" */;
			buildPhases = (
				3A15E6A31D9025C30086DC6C /* Sources */,
				3A15E6A41D9025C30086DC6C /* Frameworks */,
				3A15E6A51D9025C30086DC6C /* Resources */,
			);
			buildRules = (
			);
			dependencies = (
				3A15E6A91D9025C30086DC6C /* PBXTargetDependency */,
			);
			name = SpommunicateTests;
			productName = SpommunicateTests;
			productReference = 3A15E6A71D9025C30086DC6C /* SpommunicateTests.xctest */;
			productType = "com.apple.product-type.bundle.unit-test";
		};
		3A15E6B11D9025C30086DC6C /* SpommunicateUITests */ = {
			isa = PBXNativeTarget;
			buildConfigurationList = 3A15E6C11D9025C30086DC6C /* Build configuration list for PBXNativeTarget "SpommunicateUITests" */;
			buildPhases = (
				3A15E6AE1D9025C30086DC6C /* Sources */,
				3A15E6AF1D9025C30086DC6C /* Frameworks */,
				3A15E6B01D9025C30086DC6C /* Resources */,
			);
			buildRules = (
			);
			dependencies = (
				3A15E6B41D9025C30086DC6C /* PBXTargetDependency */,
			);
			name = SpommunicateUITests;
			productName = SpommunicateUITests;
			productReference = 3A15E6B21D9025C30086DC6C /* SpommunicateUITests.xctest */;
			productType = "com.apple.product-type.bundle.ui-testing";
		};
/* End PBXNativeTarget section */

/* Begin PBXProject section */
		3A15E68B1D9025C30086DC6C /* Project object */ = {
			isa = PBXProject;
			attributes = {
				LastSwiftUpdateCheck = 0800;
				LastUpgradeCheck = 0800;
				ORGANIZATIONNAME = "HTL Leonding";
				TargetAttributes = {
					3A15E6921D9025C30086DC6C = {
						CreatedOnToolsVersion = 8.0;
						ProvisioningStyle = Automatic;
					};
					3A15E6A61D9025C30086DC6C = {
						CreatedOnToolsVersion = 8.0;
						ProvisioningStyle = Automatic;
						TestTargetID = 3A15E6921D9025C30086DC6C;
					};
					3A15E6B11D9025C30086DC6C = {
						CreatedOnToolsVersion = 8.0;
						ProvisioningStyle = Automatic;
						TestTargetID = 3A15E6921D9025C30086DC6C;
					};
				};
			};
			buildConfigurationList = 3A15E68E1D9025C30086DC6C /* Build configuration list for PBXProject "Spommunicate" */;
			compatibilityVersion = "Xcode 3.2";
			developmentRegion = English;
			hasScannedForEncodings = 0;
			knownRegions = (
				en,
				Base,
			);
			mainGroup = 3A15E68A1D9025C30086DC6C;
			productRefGroup = 3A15E6941D9025C30086DC6C /* Products */;
			projectDirPath = "";
			projectRoot = "";
			targets = (
				3A15E6921D9025C30086DC6C /* Spommunicate */,
				3A15E6A61D9025C30086DC6C /* SpommunicateTests */,
				3A15E6B11D9025C30086DC6C /* SpommunicateUITests */,
			);
		};
/* End PBXProject section */

/* Begin PBXResourcesBuildPhase section */
		3A15E6911D9025C30086DC6C /* Resources */ = {
			isa = PBXResourcesBuildPhase;
			buildActionMask = 2147483647;
			files = (
				3A15E6A11D9025C30086DC6C /* LaunchScreen.storyboard in Resources */,
				3A15E69E1D9025C30086DC6C /* Assets.xcassets in Resources */,
				3A15E69C1D9025C30086DC6C /* Main.storyboard in Resources */,
			);
			runOnlyForDeploymentPostprocessing = 0;
		};
		3A15E6A51D9025C30086DC6C /* Resources */ = {
			isa = PBXResourcesBuildPhase;
			buildActionMask = 2147483647;
			files = (
			);
			runOnlyForDeploymentPostprocessing = 0;
		};
		3A15E6B01D9025C30086DC6C /* Resources */ = {
			isa = PBXResourcesBuildPhase;
			buildActionMask = 2147483647;
			files = (
			);
			runOnlyForDeploymentPostprocessing = 0;
		};
/* End PBXResourcesBuildPhase section */

/* Begin PBXSourcesBuildPhase section */
		3A15E68F1D9025C30086DC6C /* Sources */ = {
			isa = PBXSourcesBuildPhase;
			buildActionMask = 2147483647;
			files = (
				3A15E6991D9025C30086DC6C /* ViewController.swift in Sources */,
				3A15E6971D9025C30086DC6C /* AppDelegate.swift in Sources */,
			);
			runOnlyForDeploymentPostprocessing = 0;
		};
		3A15E6A31D9025C30086DC6C /* Sources */ = {
			isa = PBXSourcesBuildPhase;
			buildActionMask = 2147483647;
			files = (
				3A15E6AC1D9025C30086DC6C /* SpommunicateTests.swift in Sources */,
			);
			runOnlyForDeploymentPostprocessing = 0;
		};
		3A15E6AE1D9025C30086DC6C /* Sources */ = {
			isa = PBXSourcesBuildPhase;
			buildActionMask = 2147483647;
			files = (
				3A15E6B71D9025C30086DC6C /* SpommunicateUITests.swift in Sources */,
			);
			runOnlyForDeploymentPostprocessing = 0;
		};
/* End PBXSourcesBuildPhase section */

/* Begin PBXTargetDependency section */
		3A15E6A91D9025C30086DC6C /* PBXTargetDependency */ = {
			isa = PBXTargetDependency;
			target = 3A15E6921D9025C30086DC6C /* Spommunicate */;
			targetProxy = 3A15E6A81D9025C30086DC6C /* PBXContainerItemProxy */;
		};
		3A15E6B41D9025C30086DC6C /* PBXTargetDependency */ = {
			isa = PBXTargetDependency;
			target = 3A15E6921D9025C30086DC6C /* Spommunicate */;
			targetProxy = 3A15E6B31D9025C30086DC6C /* PBXContainerItemProxy */;
		};
/* End PBXTargetDependency section */

/* Begin PBXVariantGroup section */
		3A15E69A1D9025C30086DC6C /* Main.storyboard */ = {
			isa = PBXVariantGroup;
			children = (
				3A15E69B1D9025C30086DC6C /* Base */,
			);
			name = Main.storyboard;
			sourceTree = "<group>";
		};
		3A15E69F1D9025C30086DC6C /* LaunchScreen.storyboard */ = {
			isa = PBXVariantGroup;
			children = (
				3A15E6A01D9025C30086DC6C /* Base */,
			);
			name = LaunchScreen.storyboard;
			sourceTree = "<group>";
		};
/* End PBXVariantGroup section */

/* Begin XCBuildConfiguration section */
		3A15E6B91D9025C30086DC6C /* Debug */ = {
			isa = XCBuildConfiguration;
			buildSettings = {
				ALWAYS_SEARCH_USER_PATHS = NO;
				CLANG_ANALYZER_NONNULL = YES;
				CLANG_CXX_LANGUAGE_STANDARD = "gnu++0x";
				CLANG_CXX_LIBRARY = "libc++";
				CLANG_ENABLE_MODULES = YES;
				CLANG_ENABLE_OBJC_ARC = YES;
				CLANG_WARN_BOOL_CONVERSION = YES;
				CLANG_WARN_CONSTANT_CONVERSION = YES;
				CLANG_WARN_DIRECT_OBJC_ISA_USAGE = YES_ERROR;
				CLANG_WARN_DOCUMENTATION_COMMENTS = YES;
				CLANG_WARN_EMPTY_BODY = YES;
				CLANG_WARN_ENUM_CONVERSION = YES;
				CLANG_WARN_INFINITE_RECURSION = YES;
				CLANG_WARN_INT_CONVERSION = YES;
				CLANG_WARN_OBJC_ROOT_CLASS = YES_ERROR;
				CLANG_WARN_SUSPICIOUS_MOVES = YES;
				CLANG_WARN_UNREACHABLE_CODE = YES;
				CLANG_WARN__DUPLICATE_METHOD_MATCH = YES;
				"CODE_SIGN_IDENTITY[sdk=iphoneos*]" = "iPhone Developer";
				COPY_PHASE_STRIP = NO;
				DEBUG_INFORMATION_FORMAT = dwarf;
				ENABLE_STRICT_OBJC_MSGSEND = YES;
				ENABLE_TESTABILITY = YES;
				GCC_C_LANGUAGE_STANDARD = gnu99;
				GCC_DYNAMIC_NO_PIC = NO;
				GCC_NO_COMMON_BLOCKS = YES;
				GCC_OPTIMIZATION_LEVEL = 0;
				GCC_PREPROCESSOR_DEFINITIONS = (
					"DEBUG=1",
					"$(inherited)",
				);
				GCC_WARN_64_TO_32_BIT_CONVERSION = YES;
				GCC_WARN_ABOUT_RETURN_TYPE = YES_ERROR;
				GCC_WARN_UNDECLARED_SELECTOR = YES;
				GCC_WARN_UNINITIALIZED_AUTOS = YES_AGGRESSIVE;
				GCC_WARN_UNUSED_FUNCTION = YES;
				GCC_WARN_UNUSED_VARIABLE = YES;
				IPHONEOS_DEPLOYMENT_TARGET = 10.0;
				MTL_ENABLE_DEBUG_INFO = YES;
				ONLY_ACTIVE_ARCH = YES;
				SDKROOT = iphoneos;
				SWIFT_ACTIVE_COMPILATION_CONDITIONS = DEBUG;
				SWIFT_OPTIMIZATION_LEVEL = "-Onone";
			};
			name = Debug;
		};
		3A15E6BA1D9025C30086DC6C /* Release */ = {
			isa = XCBuildConfiguration;
			buildSettings = {
				ALWAYS_SEARCH_USER_PATHS = NO;
				CLANG_ANALYZER_NONNULL = YES;
				CLANG_CXX_LANGUAGE_STANDARD = "gnu++0x";
				CLANG_CXX_LIBRARY = "libc++";
				CLANG_ENABLE_MODULES = YES;
				CLANG_ENABLE_OBJC_ARC = YES;
				CLANG_WARN_BOOL_CONVERSION = YES;
				CLANG_WARN_CONSTANT_CONVERSION = YES;
				CLANG_WARN_DIRECT_OBJC_ISA_USAGE = YES_ERROR;
				CLANG_WARN_DOCUMENTATION_COMMENTS = YES;
				CLANG_WARN_EMPTY_BODY = YES;
				CLANG_WARN_ENUM_CONVERSION = YES;
				CLANG_WARN_INFINITE_RECURSION = YES;
				CLANG_WARN_INT_CONVERSION = YES;
				CLANG_WARN_OBJC_ROOT_CLASS = YES_ERROR;
				CLANG_WARN_SUSPICIOUS_MOVES = YES;
				CLANG_WARN_UNREACHABLE_CODE = YES;
				CLANG_WARN__DUPLICATE_METHOD_MATCH = YES;
				"CODE_SIGN_IDENTITY[sdk=iphoneos*]" = "iPhone Developer";
				COPY_PHASE_STRIP = NO;
				DEBUG_INFORMATION_FORMAT = "dwarf-with-dsym";
				ENABLE_NS_ASSERTIONS = NO;
				ENABLE_STRICT_OBJC_MSGSEND = YES;
				GCC_C_LANGUAGE_STANDARD = gnu99;
				GCC_NO_COMMON_BLOCKS = YES;
				GCC_WARN_64_TO_32_BIT_CONVERSION = YES;
				GCC_WARN_ABOUT_RETURN_TYPE = YES_ERROR;
				GCC_WARN_UNDECLARED_SELECTOR = YES;
				GCC_WARN_UNINITIALIZED_AUTOS = YES_AGGRESSIVE;
				GCC_WARN_UNUSED_FUNCTION = YES;
				GCC_WARN_UNUSED_VARIABLE = YES;
				IPHONEOS_DEPLOYMENT_TARGET = 10.0;
				MTL_ENABLE_DEBUG_INFO = NO;
				SDKROOT = iphoneos;
				SWIFT_OPTIMIZATION_LEVEL = "-Owholemodule";
				VALIDATE_PRODUCT = YES;
			};
			name = Release;
		};
		3A15E6BC1D9025C30086DC6C /* Debug */ = {
			isa = XCBuildConfiguration;
			buildSettings = {
				ASSETCATALOG_COMPILER_APPICON_NAME = AppIcon;
				INFOPLIST_FILE = Spommunicate/Info.plist;
				LD_RUNPATH_SEARCH_PATHS = "$(inherited) @executable_path/Frameworks";
				PRODUCT_BUNDLE_IDENTIFIER = htl.at.Spommunicate;
				PRODUCT_NAME = "$(TARGET_NAME)";
				SWIFT_VERSION = 3.0;
			};
			name = Debug;
		};
		3A15E6BD1D9025C30086DC6C /* Release */ = {
			isa = XCBuildConfiguration;
			buildSettings = {
				ASSETCATALOG_COMPILER_APPICON_NAME = AppIcon;
				INFOPLIST_FILE = Spommunicate/Info.plist;
				LD_RUNPATH_SEARCH_PATHS = "$(inherited) @executable_path/Frameworks";
				PRODUCT_BUNDLE_IDENTIFIER = htl.at.Spommunicate;
				PRODUCT_NAME = "$(TARGET_NAME)";
				SWIFT_VERSION = 3.0;
			};
			name = Release;
		};
		3A15E6BF1D9025C30086DC6C /* Debug */ = {
			isa = XCBuildConfiguration;
			buildSettings = {
				ALWAYS_EMBED_SWIFT_STANDARD_LIBRARIES = YES;
				BUNDLE_LOADER = "$(TEST_HOST)";
				INFOPLIST_FILE = SpommunicateTests/Info.plist;
				LD_RUNPATH_SEARCH_PATHS = "$(inherited) @executable_path/Frameworks @loader_path/Frameworks";
				PRODUCT_BUNDLE_IDENTIFIER = htl.at.SpommunicateTests;
				PRODUCT_NAME = "$(TARGET_NAME)";
				SWIFT_VERSION = 3.0;
				TEST_HOST = "$(BUILT_PRODUCTS_DIR)/Spommunicate.app/Spommunicate";
			};
			name = Debug;
		};
		3A15E6C01D9025C30086DC6C /* Release */ = {
			isa = XCBuildConfiguration;
			buildSettings = {
				ALWAYS_EMBED_SWIFT_STANDARD_LIBRARIES = YES;
				BUNDLE_LOADER = "$(TEST_HOST)";
				INFOPLIST_FILE = SpommunicateTests/Info.plist;
				LD_RUNPATH_SEARCH_PATHS = "$(inherited) @executable_path/Frameworks @loader_path/Frameworks";
				PRODUCT_BUNDLE_IDENTIFIER = htl.at.SpommunicateTests;
				PRODUCT_NAME = "$(TARGET_NAME)";
				SWIFT_VERSION = 3.0;
				TEST_HOST = "$(BUILT_PRODUCTS_DIR)/Spommunicate.app/Spommunicate";
			};
			name = Release;
		};
		3A15E6C21D9025C30086DC6C /* Debug */ = {
			isa = XCBuildConfiguration;
			buildSettings = {
				ALWAYS_EMBED_SWIFT_STANDARD_LIBRARIES = YES;
				INFOPLIST_FILE = SpommunicateUITests/Info.plist;
				LD_RUNPATH_SEARCH_PATHS = "$(inherited) @executable_path/Frameworks @loader_path/Frameworks";
				PRODUCT_BUNDLE_IDENTIFIER = htl.at.SpommunicateUITests;
				PRODUCT_NAME = "$(TARGET_NAME)";
				SWIFT_VERSION = 3.0;
				TEST_TARGET_NAME = Spommunicate;
			};
			name = Debug;
		};
		3A15E6C31D9025C30086DC6C /* Release */ = {
			isa = XCBuildConfiguration;
			buildSettings = {
				ALWAYS_EMBED_SWIFT_STANDARD_LIBRARIES = YES;
				INFOPLIST_FILE = SpommunicateUITests/Info.plist;
				LD_RUNPATH_SEARCH_PATHS = "$(inherited) @executable_path/Frameworks @loader_path/Frameworks";
				PRODUCT_BUNDLE_IDENTIFIER = htl.at.SpommunicateUITests;
				PRODUCT_NAME = "$(TARGET_NAME)";
				SWIFT_VERSION = 3.0;
				TEST_TARGET_NAME = Spommunicate;
			};
			name = Release;
		};
/* End XCBuildConfiguration section */

/* Begin XCConfigurationList section */
		3A15E68E1D9025C30086DC6C /* Build configuration list for PBXProject "Spommunicate" */ = {
			isa = XCConfigurationList;
			buildConfigurations = (
				3A15E6B91D9025C30086DC6C /* Debug */,
				3A15E6BA1D9025C30086DC6C /* Release */,
			);
			defaultConfigurationIsVisible = 0;
			defaultConfigurationName = Release;
		};
		3A15E6BB1D9025C30086DC6C /* Build configuration list for PBXNativeTarget "Spommunicate" */ = {
			isa = XCConfigurationList;
			buildConfigurations = (
				3A15E6BC1D9025C30086DC6C /* Debug */,
				3A15E6BD1D9025C30086DC6C /* Release */,
			);
			defaultConfigurationIsVisible = 0;
		};
		3A15E6BE1D9025C30086DC6C /* Build configuration list for PBXNativeTarget "SpommunicateTests" */ = {
			isa = XCConfigurationList;
			buildConfigurations = (
				3A15E6BF1D9025C30086DC6C /* Debug */,
				3A15E6C01D9025C30086DC6C /* Release */,
			);
			defaultConfigurationIsVisible = 0;
		};
		3A15E6C11D9025C30086DC6C /* Build configuration list for PBXNativeTarget "SpommunicateUITests" */ = {
			isa = XCConfigurationList;
			buildConfigurations = (
				3A15E6C21D9025C30086DC6C /* Debug */,
				3A15E6C31D9025C30086DC6C /* Release */,
			);
			defaultConfigurationIsVisible = 0;
		};
/* End XCConfigurationList section */
	};
	rootObject = 3A15E68B1D9025C30086DC6C /* Project object */;
}
